
Microsoft Visual Studio Solution File, Format Version 12.00
# Visual Studio Version 16
VisualStudioVersion = 16.0.31105.61
MinimumVisualStudioVersion = 10.0.40219.1
Project("{9A19103F-16F7-4668-BE54-9A1E7A4F7556}") = "HFDP.Strategy", "HFDP.Strategy\HFDP.Strategy.csproj", "{0233F44D-82BD-4DF0-8101-9AAC7BFD6480}"
EndProject
Project("{9A19103F-16F7-4668-BE54-9A1E7A4F7556}") = "HFDP.Observer", "HFDP.Observer\HFDP.Observer.csproj", "{327999BF-E5BA-4CFF-B14A-A3F4A3BB0BB7}"
EndProject
Project("{9A19103F-16F7-4668-BE54-9A1E7A4F7556}") = "HFDP.Decorator", "HFDP.Decorator\HFDP.Decorator.csproj", "{2B09EF1F-C447-457A-95E2-047B987A61E6}"
EndProject
Project("{9A19103F-16F7-4668-BE54-9A1E7A4F7556}") = "HFDP.FactoryMethod", "HFDP.FactoryMethod\HFDP.FactoryMethod.csproj", "{2B6F2FD3-5F49-427E-B539-487753CBA327}"
EndProject
Project("{9A19103F-16F7-4668-BE54-9A1E7A4F7556}") = "HFDP.AbstractFactory", "HFDP.AbstractFactory\HFDP.AbstractFactory.csproj", "{C29CFF22-3879-4E8C-A054-2188FA50FE23}"
EndProject
Project("{9A19103F-16F7-4668-BE54-9A1E7A4F7556}") = "HFDP.Singleton", "HFDP.Singleton\HFDP.Singleton.csproj", "{D1E000C4-1FE4-484D-98B9-8352203A286D}"
EndProject
Project("{9A19103F-16F7-4668-BE54-9A1E7A4F7556}") = "HFDP.Command", "HFDP.Command\HFDP.Command.csproj", "{EA2865F5-AEA2-4AA5-817A-0ABA0B2429BB}"
EndProject
Project("{9A19103F-16F7-4668-BE54-9A1E7A4F7556}") = "HFDP.Adapter", "HFDP.Adapter\HFDP.Adapter.csproj", "{551FBCB3-A8E0-4E39-A7B4-77507DB3CE50}"
EndProject
Project("{9A19103F-16F7-4668-BE54-9A1E7A4F7556}") = "HFDP.Facade", "HFDP.Facade\HFDP.Facade.csproj", "{26CB7572-00D7-4F5D-A6C5-933D4F805035}"
EndProject
Project("{FAE04EC0-301F-11D3-BF4B-00C04F79EFBC}") = "HFDP.TemplateMethod", "HFDP.TemplateMethod\HFDP.TemplateMethod.csproj", "{64A2A947-780D-4097-ACF0-CE0351A5027E}"
EndProject
Global
	GlobalSection(SolutionConfigurationPlatforms) = preSolution
		Debug|Any CPU = Debug|Any CPU
		Release|Any CPU = Release|Any CPU
	EndGlobalSection
	GlobalSection(ProjectConfigurationPlatforms) = postSolution
		{0233F44D-82BD-4DF0-8101-9AAC7BFD6480}.Debug|Any CPU.ActiveCfg = Debug|Any CPU
		{0233F44D-82BD-4DF0-8101-9AAC7BFD6480}.Debug|Any CPU.Build.0 = Debug|Any CPU
		{0233F44D-82BD-4DF0-8101-9AAC7BFD6480}.Release|Any CPU.ActiveCfg = Release|Any CPU
		{0233F44D-82BD-4DF0-8101-9AAC7BFD6480}.Release|Any CPU.Build.0 = Release|Any CPU
		{327999BF-E5BA-4CFF-B14A-A3F4A3BB0BB7}.Debug|Any CPU.ActiveCfg = Debug|Any CPU
		{327999BF-E5BA-4CFF-B14A-A3F4A3BB0BB7}.Debug|Any CPU.Build.0 = Debug|Any CPU
		{327999BF-E5BA-4CFF-B14A-A3F4A3BB0BB7}.Release|Any CPU.ActiveCfg = Release|Any CPU
		{327999BF-E5BA-4CFF-B14A-A3F4A3BB0BB7}.Release|Any CPU.Build.0 = Release|Any CPU
		{2B09EF1F-C447-457A-95E2-047B987A61E6}.Debug|Any CPU.ActiveCfg = Debug|Any CPU
		{2B09EF1F-C447-457A-95E2-047B987A61E6}.Debug|Any CPU.Build.0 = Debug|Any CPU
		{2B09EF1F-C447-457A-95E2-047B987A61E6}.Release|Any CPU.ActiveCfg = Release|Any CPU
		{2B09EF1F-C447-457A-95E2-047B987A61E6}.Release|Any CPU.Build.0 = Release|Any CPU
		{2B6F2FD3-5F49-427E-B539-487753CBA327}.Debug|Any CPU.ActiveCfg = Debug|Any CPU
		{2B6F2FD3-5F49-427E-B539-487753CBA327}.Debug|Any CPU.Build.0 = Debug|Any CPU
		{2B6F2FD3-5F49-427E-B539-487753CBA327}.Release|Any CPU.ActiveCfg = Release|Any CPU
		{2B6F2FD3-5F49-427E-B539-487753CBA327}.Release|Any CPU.Build.0 = Release|Any CPU
		{C29CFF22-3879-4E8C-A054-2188FA50FE23}.Debug|Any CPU.ActiveCfg = Debug|Any CPU
		{C29CFF22-3879-4E8C-A054-2188FA50FE23}.Debug|Any CPU.Build.0 = Debug|Any CPU
		{C29CFF22-3879-4E8C-A054-2188FA50FE23}.Release|Any CPU.ActiveCfg = Release|Any CPU
		{C29CFF22-3879-4E8C-A054-2188FA50FE23}.Release|Any CPU.Build.0 = Release|Any CPU
		{D1E000C4-1FE4-484D-98B9-8352203A286D}.Debug|Any CPU.ActiveCfg = Debug|Any CPU
		{D1E000C4-1FE4-484D-98B9-8352203A286D}.Debug|Any CPU.Build.0 = Debug|Any CPU
		{D1E000C4-1FE4-484D-98B9-8352203A286D}.Release|Any CPU.ActiveCfg = Release|Any CPU
		{D1E000C4-1FE4-484D-98B9-8352203A286D}.Release|Any CPU.Build.0 = Release|Any CPU
		{EA2865F5-AEA2-4AA5-817A-0ABA0B2429BB}.Debug|Any CPU.ActiveCfg = Debug|Any CPU
		{EA2865F5-AEA2-4AA5-817A-0ABA0B2429BB}.Debug|Any CPU.Build.0 = Debug|Any CPU
		{EA2865F5-AEA2-4AA5-817A-0ABA0B2429BB}.Release|Any CPU.ActiveCfg = Release|Any CPU
		{EA2865F5-AEA2-4AA5-817A-0ABA0B2429BB}.Release|Any CPU.Build.0 = Release|Any CPU
		{551FBCB3-A8E0-4E39-A7B4-77507DB3CE50}.Debug|Any CPU.ActiveCfg = Debug|Any CPU
		{551FBCB3-A8E0-4E39-A7B4-77507DB3CE50}.Debug|Any CPU.Build.0 = Debug|Any CPU
		{551FBCB3-A8E0-4E39-A7B4-77507DB3CE50}.Release|Any CPU.ActiveCfg = Release|Any CPU
		{551FBCB3-A8E0-4E39-A7B4-77507DB3CE50}.Release|Any CPU.Build.0 = Release|Any CPU
		{26CB7572-00D7-4F5D-A6C5-933D4F805035}.Debug|Any CPU.ActiveCfg = Debug|Any CPU
		{26CB7572-00D7-4F5D-A6C5-933D4F805035}.Debug|Any CPU.Build.0 = Debug|Any CPU
		{26CB7572-00D7-4F5D-A6C5-933D4F805035}.Release|Any CPU.ActiveCfg = Release|Any CPU
		{26CB7572-00D7-4F5D-A6C5-933D4F805035}.Release|Any CPU.Build.0 = Release|Any CPU
		{64A2A947-780D-4097-ACF0-CE0351A5027E}.Debug|Any CPU.ActiveCfg = Debug|Any CPU
		{64A2A947-780D-4097-ACF0-CE0351A5027E}.Debug|Any CPU.Build.0 = Debug|Any CPU
		{64A2A947-780D-4097-ACF0-CE0351A5027E}.Release|Any CPU.ActiveCfg = Release|Any CPU
		{64A2A947-780D-4097-ACF0-CE0351A5027E}.Release|Any CPU.Build.0 = Release|Any CPU
	EndGlobalSection
	GlobalSection(SolutionProperties) = preSolution
		HideSolutionNode = FALSE
	EndGlobalSection
	GlobalSection(ExtensibilityGlobals) = postSolution
		SolutionGuid = {BA13A393-3A32-4220-9082-7BC74EC1E3EB}
	EndGlobalSection
EndGlobal
